// !$*UTF8*$!
{
	archiveVersion = 1;
	classes = {
	};
	objectVersion = 77;
	objects = {

/* Begin PBXBuildFile section */
		507E29992F07F0DA00BD8FBB /* PlayerMeta.swift in Sources */ = {isa = PBXBuildFile; fileRef = 507E29982F07F0DA00BD8FBB /* PlayerMeta.swift */; };
		507E299B2F07F17D00BD8FBB /* Route.swift in Sources */ = {isa = PBXBuildFile; fileRef = 507E299A2F07F17D00BD8FBB /* Route.swift */; };
		507E299D2F07F18000BD8FBB /* TowerView.swift in Sources */ = {isa = PBXBuildFile; fileRef = 507E299C2F07F18000BD8FBB /* TowerView.swift */; };
		507E299F2F07F18000BD8FBB /* CastleView.swift in Sources */ = {isa = PBXBuildFile; fileRef = 507E299E2F07F18000BD8FBB /* CastleView.swift */; };
		507E29A12F07F18000BD8FBB /* CardLibraryView.swift in Sources */ = {isa = PBXBuildFile; fileRef = 507E29A02F07F18000BD8FBB /* CardLibraryView.swift */; };
		507E29A32F07F2F800BD8FBB /* RoomOption.swift in Sources */ = {isa = PBXBuildFile; fileRef = 507E29A22F07F2F800BD8FBB /* RoomOption.swift */; };
		507E29A52F07F2FB00BD8FBB /* TowerService.swift in Sources */ = {isa = PBXBuildFile; fileRef = 507E29A42F07F2FB00BD8FBB /* TowerService.swift */; };
		507E29A72F07F51500BD8FBB /* Artifact.swift in Sources */ = {isa = PBXBuildFile; fileRef = 507E29A62F07F51500BD8FBB /* Artifact.swift */; };
		507E29A92F07F51700BD8FBB /* ChestState.swift in Sources */ = {isa = PBXBuildFile; fileRef = 507E29A82F07F51700BD8FBB /* ChestState.swift */; };
		507E29AB2F07F51A00BD8FBB /* ChestView.swift in Sources */ = {isa = PBXBuildFile; fileRef = 507E29AA2F07F51A00BD8FBB /* ChestView.swift */; };
		507E29AD2F07F60F00BD8FBB /* BattleState.swift in Sources */ = {isa = PBXBuildFile; fileRef = 507E29AC2F07F60F00BD8FBB /* BattleState.swift */; };
		507E29AF2F07F61E00BD8FBB /* BattleView.swift in Sources */ = {isa = PBXBuildFile; fileRef = 507E29AE2F07F61E00BD8FBB /* BattleView.swift */; };
		507E29B12F07F62000BD8FBB /* DefeatView.swift in Sources */ = {isa = PBXBuildFile; fileRef = 507E29B02F07F62000BD8FBB /* DefeatView.swift */; };
		507E29B32F07F6C600BD8FBB /* ActionCard.swift in Sources */ = {isa = PBXBuildFile; fileRef = 507E29B22F07F6C600BD8FBB /* ActionCard.swift */; };
		507E29B52F07F6DD00BD8FBB /* ActionCardView.swift in Sources */ = {isa = PBXBuildFile; fileRef = 507E29B42F07F6DD00BD8FBB /* ActionCardView.swift */; };
		507E29B72F07F7E300BD8FBB /* EnemyIntent.swift in Sources */ = {isa = PBXBuildFile; fileRef = 507E29B62F07F7E300BD8FBB /* EnemyIntent.swift */; };
		507E29B92F07F7E400BD8FBB /* CombatLogEntry.swift in Sources */ = {isa = PBXBuildFile; fileRef = 507E29B82F07F7E400BD8FBB /* CombatLogEntry.swift */; };
		507E29E12F09654100BD8FBB /* CastleUpgradeView.swift in Sources */ = {isa = PBXBuildFile; fileRef = 507E29E02F09654100BD8FBB /* CastleUpgradeView.swift */; };
		507E29E32F09654100BD8FBB /* CastleRelicsView.swift in Sources */ = {isa = PBXBuildFile; fileRef = 507E29E22F09654100BD8FBB /* CastleRelicsView.swift */; };
		507E29E52F09678500BD8FBB /* CastleGridCellView.swift in Sources */ = {isa = PBXBuildFile; fileRef = 507E29E42F09678500BD8FBB /* CastleGridCellView.swift */; };
		507E29E72F09756700BD8FBB /* BuildPickerOverlay.swift in Sources */ = {isa = PBXBuildFile; fileRef = 507E29E62F09756700BD8FBB /* BuildPickerOverlay.swift */; };
		507E29E92F0977B900BD8FBB /* UpgradePickerOverlay.swift in Sources */ = {isa = PBXBuildFile; fileRef = 507E29E82F0977B900BD8FBB /* UpgradePickerOverlay.swift */; };
		507E29EB2F09821C00BD8FBB /* RelicsListSheetView.swift in Sources */ = {isa = PBXBuildFile; fileRef = 507E29EA2F09821C00BD8FBB /* RelicsListSheetView.swift */; };
		507E29ED2F09B82E00BD8FBB /* UIStyle.swift in Sources */ = {isa = PBXBuildFile; fileRef = 507E29EC2F09B82E00BD8FBB /* UIStyle.swift */; };
		507E29EF2F0A307F00BD8FBB /* Enemy.swift in Sources */ = {isa = PBXBuildFile; fileRef = 507E29EE2F0A307F00BD8FBB /* Enemy.swift */; };
		507E29F12F0A332100BD8FBB /* RuntimeEnemyCatalog.swift in Sources */ = {isa = PBXBuildFile; fileRef = 507E29F02F0A332100BD8FBB /* RuntimeEnemyCatalog.swift */; };
/* End PBXBuildFile section */

/* Begin PBXFileReference section */
		507E29802F07EE5100BD8FBB /* 1.7. Genesis 2 RPG.app */ = {isa = PBXFileReference; explicitFileType = wrapper.application; includeInIndex = 0; path = "1.7. Genesis 2 RPG.app"; sourceTree = BUILT_PRODUCTS_DIR; };
		507E29982F07F0DA00BD8FBB /* PlayerMeta.swift */ = {isa = PBXFileReference; lastKnownFileType = sourcecode.swift; path = PlayerMeta.swift; sourceTree = "<group>"; };
		507E299A2F07F17D00BD8FBB /* Route.swift */ = {isa = PBXFileReference; lastKnownFileType = sourcecode.swift; path = Route.swift; sourceTree = "<group>"; };
		507E299C2F07F18000BD8FBB /* TowerView.swift */ = {isa = PBXFileReference; lastKnownFileType = sourcecode.swift; path = TowerView.swift; sourceTree = "<group>"; };
		507E299E2F07F18000BD8FBB /* CastleView.swift */ = {isa = PBXFileReference; lastKnownFileType = sourcecode.swift; path = CastleView.swift; sourceTree = "<group>"; };
		507E29A02F07F18000BD8FBB /* CardLibraryView.swift */ = {isa = PBXFileReference; lastKnownFileType = sourcecode.swift; path = CardLibraryView.swift; sourceTree = "<group>"; };
		507E29A22F07F2F800BD8FBB /* RoomOption.swift */ = {isa = PBXFileReference; lastKnownFileType = sourcecode.swift; path = RoomOption.swift; sourceTree = "<group>"; };
		507E29A42F07F2FB00BD8FBB /* TowerService.swift */ = {isa = PBXFileReference; lastKnownFileType = sourcecode.swift; path = TowerService.swift; sourceTree = "<group>"; };
		507E29A62F07F51500BD8FBB /* Artifact.swift */ = {isa = PBXFileReference; lastKnownFileType = sourcecode.swift; path = Artifact.swift; sourceTree = "<group>"; };
		507E29A82F07F51700BD8FBB /* ChestState.swift */ = {isa = PBXFileReference; lastKnownFileType = sourcecode.swift; path = ChestState.swift; sourceTree = "<group>"; };
		507E29AA2F07F51A00BD8FBB /* ChestView.swift */ = {isa = PBXFileReference; lastKnownFileType = sourcecode.swift; path = ChestView.swift; sourceTree = "<group>"; };
		507E29AC2F07F60F00BD8FBB /* BattleState.swift */ = {isa = PBXFileReference; lastKnownFileType = sourcecode.swift; path = BattleState.swift; sourceTree = "<group>"; };
		507E29AE2F07F61E00BD8FBB /* BattleView.swift */ = {isa = PBXFileReference; lastKnownFileType = sourcecode.swift; path = BattleView.swift; sourceTree = "<group>"; };
		507E29B02F07F62000BD8FBB /* DefeatView.swift */ = {isa = PBXFileReference; lastKnownFileType = sourcecode.swift; path = DefeatView.swift; sourceTree = "<group>"; };
		507E29B22F07F6C600BD8FBB /* ActionCard.swift */ = {isa = PBXFileReference; lastKnownFileType = sourcecode.swift; path = ActionCard.swift; sourceTree = "<group>"; };
		507E29B42F07F6DD00BD8FBB /* ActionCardView.swift */ = {isa = PBXFileReference; lastKnownFileType = sourcecode.swift; path = ActionCardView.swift; sourceTree = "<group>"; };
		507E29B62F07F7E300BD8FBB /* EnemyIntent.swift */ = {isa = PBXFileReference; lastKnownFileType = sourcecode.swift; path = EnemyIntent.swift; sourceTree = "<group>"; };
		507E29B82F07F7E400BD8FBB /* CombatLogEntry.swift */ = {isa = PBXFileReference; lastKnownFileType = sourcecode.swift; path = CombatLogEntry.swift; sourceTree = "<group>"; };
		507E29E02F09654100BD8FBB /* CastleUpgradeView.swift */ = {isa = PBXFileReference; lastKnownFileType = sourcecode.swift; path = CastleUpgradeView.swift; sourceTree = "<group>"; };
		507E29E22F09654100BD8FBB /* CastleRelicsView.swift */ = {isa = PBXFileReference; lastKnownFileType = sourcecode.swift; path = CastleRelicsView.swift; sourceTree = "<group>"; };
		507E29E42F09678500BD8FBB /* CastleGridCellView.swift */ = {isa = PBXFileReference; lastKnownFileType = sourcecode.swift; path = CastleGridCellView.swift; sourceTree = "<group>"; };
		507E29E62F09756700BD8FBB /* BuildPickerOverlay.swift */ = {isa = PBXFileReference; lastKnownFileType = sourcecode.swift; path = BuildPickerOverlay.swift; sourceTree = "<group>"; };
		507E29E82F0977B900BD8FBB /* UpgradePickerOverlay.swift */ = {isa = PBXFileReference; lastKnownFileType = sourcecode.swift; path = UpgradePickerOverlay.swift; sourceTree = "<group>"; };
		507E29EA2F09821C00BD8FBB /* RelicsListSheetView.swift */ = {isa = PBXFileReference; lastKnownFileType = sourcecode.swift; path = RelicsListSheetView.swift; sourceTree = "<group>"; };
		507E29EC2F09B82E00BD8FBB /* UIStyle.swift */ = {isa = PBXFileReference; lastKnownFileType = sourcecode.swift; path = UIStyle.swift; sourceTree = "<group>"; };
		507E29EE2F0A307F00BD8FBB /* Enemy.swift */ = {isa = PBXFileReference; lastKnownFileType = sourcecode.swift; path = Enemy.swift; sourceTree = "<group>"; };
		507E29F02F0A332100BD8FBB /* RuntimeEnemyCatalog.swift */ = {isa = PBXFileReference; lastKnownFileType = sourcecode.swift; path = RuntimeEnemyCatalog.swift; sourceTree = "<group>"; };
/* End PBXFileReference section */

/* Begin PBXFileSystemSynchronizedRootGroup section */
		507E29822F07EE5100BD8FBB /* 1.7. Genesis 2 RPG */ = {
			isa = PBXFileSystemSynchronizedRootGroup;
			path = "1.7. Genesis 2 RPG";
			sourceTree = "<group>";
		};
/* End PBXFileSystemSynchronizedRootGroup section */

/* Begin PBXFrameworksBuildPhase section */
		507E297D2F07EE5100BD8FBB /* Frameworks */ = {
			isa = PBXFrameworksBuildPhase;
			buildActionMask = 2147483647;
			files = (
			);
			runOnlyForDeploymentPostprocessing = 0;
		};
/* End PBXFrameworksBuildPhase section */

/* Begin PBXGroup section */
		507E29772F07EE5100BD8FBB = {
			isa = PBXGroup;
			children = (
				507E29822F07EE5100BD8FBB /* 1.7. Genesis 2 RPG */,
				507E29812F07EE5100BD8FBB /* Products */,
				507E29982F07F0DA00BD8FBB /* PlayerMeta.swift */,
				507E299A2F07F17D00BD8FBB /* Route.swift */,
				507E299C2F07F18000BD8FBB /* TowerView.swift */,
				507E299E2F07F18000BD8FBB /* CastleView.swift */,
				507E29A02F07F18000BD8FBB /* CardLibraryView.swift */,
				507E29A22F07F2F800BD8FBB /* RoomOption.swift */,
				507E29A42F07F2FB00BD8FBB /* TowerService.swift */,
				507E29A62F07F51500BD8FBB /* Artifact.swift */,
				507E29A82F07F51700BD8FBB /* ChestState.swift */,
				507E29AA2F07F51A00BD8FBB /* ChestView.swift */,
				507E29AC2F07F60F00BD8FBB /* BattleState.swift */,
				507E29AE2F07F61E00BD8FBB /* BattleView.swift */,
				507E29B02F07F62000BD8FBB /* DefeatView.swift */,
				507E29B22F07F6C600BD8FBB /* ActionCard.swift */,
				507E29B42F07F6DD00BD8FBB /* ActionCardView.swift */,
				507E29B62F07F7E300BD8FBB /* EnemyIntent.swift */,
				507E29B82F07F7E400BD8FBB /* CombatLogEntry.swift */,
				507E29E02F09654100BD8FBB /* CastleUpgradeView.swift */,
				507E29E22F09654100BD8FBB /* CastleRelicsView.swift */,
				507E29E42F09678500BD8FBB /* CastleGridCellView.swift */,
				507E29E62F09756700BD8FBB /* BuildPickerOverlay.swift */,
				507E29E82F0977B900BD8FBB /* UpgradePickerOverlay.swift */,
				507E29EA2F09821C00BD8FBB /* RelicsListSheetView.swift */,
				507E29EC2F09B82E00BD8FBB /* UIStyle.swift */,
				507E29EE2F0A307F00BD8FBB /* Enemy.swift */,
				507E29F02F0A332100BD8FBB /* RuntimeEnemyCatalog.swift */,
			);
			sourceTree = "<group>";
		};
		507E29812F07EE5100BD8FBB /* Products */ = {
			isa = PBXGroup;
			children = (
				507E29802F07EE5100BD8FBB /* 1.7. Genesis 2 RPG.app */,
			);
			name = Products;
			sourceTree = "<group>";
		};
/* End PBXGroup section */

/* Begin PBXNativeTarget section */
		507E297F2F07EE5100BD8FBB /* 1.7. Genesis 2 RPG */ = {
			isa = PBXNativeTarget;
			buildConfigurationList = 507E298B2F07EE5200BD8FBB /* Build configuration list for PBXNativeTarget "1.7. Genesis 2 RPG" */;
			buildPhases = (
				507E297C2F07EE5100BD8FBB /* Sources */,
				507E297D2F07EE5100BD8FBB /* Frameworks */,
				507E297E2F07EE5100BD8FBB /* Resources */,
			);
			buildRules = (
			);
			dependencies = (
			);
			fileSystemSynchronizedGroups = (
				507E29822F07EE5100BD8FBB /* 1.7. Genesis 2 RPG */,
			);
			name = "1.7. Genesis 2 RPG";
			packageProductDependencies = (
			);
			productName = "1.7. Genesis 2 RPG";
			productReference = 507E29802F07EE5100BD8FBB /* 1.7. Genesis 2 RPG.app */;
			productType = "com.apple.product-type.application";
		};
/* End PBXNativeTarget section */

/* Begin PBXProject section */
		507E29782F07EE5100BD8FBB /* Project object */ = {
			isa = PBXProject;
			attributes = {
				BuildIndependentTargetsInParallel = 1;
				LastSwiftUpdateCheck = 2610;
				LastUpgradeCheck = 2610;
				TargetAttributes = {
					507E297F2F07EE5100BD8FBB = {
						CreatedOnToolsVersion = 26.1;
					};
				};
			};
			buildConfigurationList = 507E297B2F07EE5100BD8FBB /* Build configuration list for PBXProject "1.7. Genesis 2 RPG" */;
			developmentRegion = en;
			hasScannedForEncodings = 0;
			knownRegions = (
				en,
				Base,
			);
			mainGroup = 507E29772F07EE5100BD8FBB;
			minimizedProjectReferenceProxies = 1;
			preferredProjectObjectVersion = 77;
			productRefGroup = 507E29812F07EE5100BD8FBB /* Products */;
			projectDirPath = "";
			projectRoot = "";
			targets = (
				507E297F2F07EE5100BD8FBB /* 1.7. Genesis 2 RPG */,
			);
		};
/* End PBXProject section */

/* Begin PBXResourcesBuildPhase section */
		507E297E2F07EE5100BD8FBB /* Resources */ = {
			isa = PBXResourcesBuildPhase;
			buildActionMask = 2147483647;
			files = (
			);
			runOnlyForDeploymentPostprocessing = 0;
		};
/* End PBXResourcesBuildPhase section */

/* Begin PBXSourcesBuildPhase section */
		507E297C2F07EE5100BD8FBB /* Sources */ = {
			isa = PBXSourcesBuildPhase;
			buildActionMask = 2147483647;
			files = (
				507E29E32F09654100BD8FBB /* CastleRelicsView.swift in Sources */,
				507E299B2F07F17D00BD8FBB /* Route.swift in Sources */,
				507E29AB2F07F51A00BD8FBB /* ChestView.swift in Sources */,
				507E29E72F09756700BD8FBB /* BuildPickerOverlay.swift in Sources */,
				507E29EF2F0A307F00BD8FBB /* Enemy.swift in Sources */,
				507E29B32F07F6C600BD8FBB /* ActionCard.swift in Sources */,
				507E29B52F07F6DD00BD8FBB /* ActionCardView.swift in Sources */,
				507E299F2F07F18000BD8FBB /* CastleView.swift in Sources */,
				507E29A92F07F51700BD8FBB /* ChestState.swift in Sources */,
				507E299D2F07F18000BD8FBB /* TowerView.swift in Sources */,
				507E29A72F07F51500BD8FBB /* Artifact.swift in Sources */,
				507E29B72F07F7E300BD8FBB /* EnemyIntent.swift in Sources */,
				507E29A32F07F2F800BD8FBB /* RoomOption.swift in Sources */,
				507E29E52F09678500BD8FBB /* CastleGridCellView.swift in Sources */,
				507E29E12F09654100BD8FBB /* CastleUpgradeView.swift in Sources */,
				507E29ED2F09B82E00BD8FBB /* UIStyle.swift in Sources */,
				507E29E92F0977B900BD8FBB /* UpgradePickerOverlay.swift in Sources */,
				507E29AD2F07F60F00BD8FBB /* BattleState.swift in Sources */,
				507E29A52F07F2FB00BD8FBB /* TowerService.swift in Sources */,
				507E29B92F07F7E400BD8FBB /* CombatLogEntry.swift in Sources */,
				507E29F12F0A332100BD8FBB /* RuntimeEnemyCatalog.swift in Sources */,
				507E29A12F07F18000BD8FBB /* CardLibraryView.swift in Sources */,
				507E29EB2F09821C00BD8FBB /* RelicsListSheetView.swift in Sources */,
				507E29992F07F0DA00BD8FBB /* PlayerMeta.swift in Sources */,
				507E29AF2F07F61E00BD8FBB /* BattleView.swift in Sources */,
				507E29B12F07F62000BD8FBB /* DefeatView.swift in Sources */,
			);
			runOnlyForDeploymentPostprocessing = 0;
		};
/* End PBXSourcesBuildPhase section */

/* Begin XCBuildConfiguration section */
		507E29892F07EE5200BD8FBB /* Debug */ = {
			isa = XCBuildConfiguration;
			buildSettings = {
				ALWAYS_SEARCH_USER_PATHS = NO;
				ASSETCATALOG_COMPILER_GENERATE_SWIFT_ASSET_SYMBOL_EXTENSIONS = YES;
				CLANG_ANALYZER_NONNULL = YES;
				CLANG_ANALYZER_NUMBER_OBJECT_CONVERSION = YES_AGGRESSIVE;
				CLANG_CXX_LANGUAGE_STANDARD = "gnu++20";
				CLANG_ENABLE_MODULES = YES;
				CLANG_ENABLE_OBJC_ARC = YES;
				CLANG_ENABLE_OBJC_WEAK = YES;
				CLANG_WARN_BLOCK_CAPTURE_AUTORELEASING = YES;
				CLANG_WARN_BOOL_CONVERSION = YES;
				CLANG_WARN_COMMA = YES;
				CLANG_WARN_CONSTANT_CONVERSION = YES;
				CLANG_WARN_DEPRECATED_OBJC_IMPLEMENTATIONS = YES;
				CLANG_WARN_DIRECT_OBJC_ISA_USAGE = YES_ERROR;
				CLANG_WARN_DOCUMENTATION_COMMENTS = YES;
				CLANG_WARN_EMPTY_BODY = YES;
				CLANG_WARN_ENUM_CONVERSION = YES;
				CLANG_WARN_INFINITE_RECURSION = YES;
				CLANG_WARN_INT_CONVERSION = YES;
				CLANG_WARN_NON_LITERAL_NULL_CONVERSION = YES;
				CLANG_WARN_OBJC_IMPLICIT_RETAIN_SELF = YES;
				CLANG_WARN_OBJC_LITERAL_CONVERSION = YES;
				CLANG_WARN_OBJC_ROOT_CLASS = YES_ERROR;
				CLANG_WARN_QUOTED_INCLUDE_IN_FRAMEWORK_HEADER = YES;
				CLANG_WARN_RANGE_LOOP_ANALYSIS = YES;
				CLANG_WARN_STRICT_PROTOTYPES = YES;
				CLANG_WARN_SUSPICIOUS_MOVE = YES;
				CLANG_WARN_UNGUARDED_AVAILABILITY = YES_AGGRESSIVE;
				CLANG_WARN_UNREACHABLE_CODE = YES;
				CLANG_WARN__DUPLICATE_METHOD_MATCH = YES;
				COPY_PHASE_STRIP = NO;
				DEBUG_INFORMATION_FORMAT = dwarf;
				DEVELOPMENT_TEAM = 62AMA97M94;
				ENABLE_STRICT_OBJC_MSGSEND = YES;
				ENABLE_TESTABILITY = YES;
				ENABLE_USER_SCRIPT_SANDBOXING = YES;
				GCC_C_LANGUAGE_STANDARD = gnu17;
				GCC_DYNAMIC_NO_PIC = NO;
				GCC_NO_COMMON_BLOCKS = YES;
				GCC_OPTIMIZATION_LEVEL = 0;
				GCC_PREPROCESSOR_DEFINITIONS = (
					"DEBUG=1",
					"$(inherited)",
				);
				GCC_WARN_64_TO_32_BIT_CONVERSION = YES;
				GCC_WARN_ABOUT_RETURN_TYPE = YES_ERROR;
				GCC_WARN_UNDECLARED_SELECTOR = YES;
				GCC_WARN_UNINITIALIZED_AUTOS = YES_AGGRESSIVE;
				GCC_WARN_UNUSED_FUNCTION = YES;
				GCC_WARN_UNUSED_VARIABLE = YES;
				IPHONEOS_DEPLOYMENT_TARGET = 26.1;
				LOCALIZATION_PREFERS_STRING_CATALOGS = YES;
				MTL_ENABLE_DEBUG_INFO = INCLUDE_SOURCE;
				MTL_FAST_MATH = YES;
				ONLY_ACTIVE_ARCH = YES;
				SDKROOT = iphoneos;
				SWIFT_ACTIVE_COMPILATION_CONDITIONS = "DEBUG $(inherited)";
				SWIFT_OPTIMIZATION_LEVEL = "-Onone";
			};
			name = Debug;
		};
		507E298A2F07EE5200BD8FBB /* Release */ = {
			isa = XCBuildConfiguration;
			buildSettings = {
				ALWAYS_SEARCH_USER_PATHS = NO;
				ASSETCATALOG_COMPILER_GENERATE_SWIFT_ASSET_SYMBOL_EXTENSIONS = YES;
				CLANG_ANALYZER_NONNULL = YES;
				CLANG_ANALYZER_NUMBER_OBJECT_CONVERSION = YES_AGGRESSIVE;
				CLANG_CXX_LANGUAGE_STANDARD = "gnu++20";
				CLANG_ENABLE_MODULES = YES;
				CLANG_ENABLE_OBJC_ARC = YES;
				CLANG_ENABLE_OBJC_WEAK = YES;
				CLANG_WARN_BLOCK_CAPTURE_AUTORELEASING = YES;
				CLANG_WARN_BOOL_CONVERSION = YES;
				CLANG_WARN_COMMA = YES;
				CLANG_WARN_CONSTANT_CONVERSION = YES;
				CLANG_WARN_DEPRECATED_OBJC_IMPLEMENTATIONS = YES;
				CLANG_WARN_DIRECT_OBJC_ISA_USAGE = YES_ERROR;
				CLANG_WARN_DOCUMENTATION_COMMENTS = YES;
				CLANG_WARN_EMPTY_BODY = YES;
				CLANG_WARN_ENUM_CONVERSION = YES;
				CLANG_WARN_INFINITE_RECURSION = YES;
				CLANG_WARN_INT_CONVERSION = YES;
				CLANG_WARN_NON_LITERAL_NULL_CONVERSION = YES;
				CLANG_WARN_OBJC_IMPLICIT_RETAIN_SELF = YES;
				CLANG_WARN_OBJC_LITERAL_CONVERSION = YES;
				CLANG_WARN_OBJC_ROOT_CLASS = YES_ERROR;
				CLANG_WARN_QUOTED_INCLUDE_IN_FRAMEWORK_HEADER = YES;
				CLANG_WARN_RANGE_LOOP_ANALYSIS = YES;
				CLANG_WARN_STRICT_PROTOTYPES = YES;
				CLANG_WARN_SUSPICIOUS_MOVE = YES;
				CLANG_WARN_UNGUARDED_AVAILABILITY = YES_AGGRESSIVE;
				CLANG_WARN_UNREACHABLE_CODE = YES;
				CLANG_WARN__DUPLICATE_METHOD_MATCH = YES;
				COPY_PHASE_STRIP = NO;
				DEBUG_INFORMATION_FORMAT = "dwarf-with-dsym";
				DEVELOPMENT_TEAM = 62AMA97M94;
				ENABLE_NS_ASSERTIONS = NO;
				ENABLE_STRICT_OBJC_MSGSEND = YES;
				ENABLE_USER_SCRIPT_SANDBOXING = YES;
				GCC_C_LANGUAGE_STANDARD = gnu17;
				GCC_NO_COMMON_BLOCKS = YES;
				GCC_WARN_64_TO_32_BIT_CONVERSION = YES;
				GCC_WARN_ABOUT_RETURN_TYPE = YES_ERROR;
				GCC_WARN_UNDECLARED_SELECTOR = YES;
				GCC_WARN_UNINITIALIZED_AUTOS = YES_AGGRESSIVE;
				GCC_WARN_UNUSED_FUNCTION = YES;
				GCC_WARN_UNUSED_VARIABLE = YES;
				IPHONEOS_DEPLOYMENT_TARGET = 26.1;
				LOCALIZATION_PREFERS_STRING_CATALOGS = YES;
				MTL_ENABLE_DEBUG_INFO = NO;
				MTL_FAST_MATH = YES;
				SDKROOT = iphoneos;
				SWIFT_COMPILATION_MODE = wholemodule;
				VALIDATE_PRODUCT = YES;
			};
			name = Release;
		};
		507E298C2F07EE5200BD8FBB /* Debug */ = {
			isa = XCBuildConfiguration;
			buildSettings = {
				ASSETCATALOG_COMPILER_APPICON_NAME = AppIcon;
				ASSETCATALOG_COMPILER_GLOBAL_ACCENT_COLOR_NAME = AccentColor;
				CODE_SIGN_STYLE = Automatic;
				CURRENT_PROJECT_VERSION = 1;
				DEVELOPMENT_TEAM = 62AMA97M94;
				ENABLE_PREVIEWS = YES;
				GENERATE_INFOPLIST_FILE = YES;
				INFOPLIST_KEY_UIApplicationSceneManifest_Generation = YES;
				INFOPLIST_KEY_UIApplicationSupportsIndirectInputEvents = YES;
				INFOPLIST_KEY_UILaunchScreen_Generation = YES;
				INFOPLIST_KEY_UISupportedInterfaceOrientations_iPad = "UIInterfaceOrientationPortrait UIInterfaceOrientationPortraitUpsideDown UIInterfaceOrientationLandscapeLeft UIInterfaceOrientationLandscapeRight";
				INFOPLIST_KEY_UISupportedInterfaceOrientations_iPhone = "UIInterfaceOrientationPortrait UIInterfaceOrientationLandscapeLeft UIInterfaceOrientationLandscapeRight";
				LD_RUNPATH_SEARCH_PATHS = (
					"$(inherited)",
					"@executable_path/Frameworks",
				);
				MARKETING_VERSION = 1.0;
				PRODUCT_BUNDLE_IDENTIFIER = "Mxc.--7--Genesis-2-RPG";
				PRODUCT_NAME = "$(TARGET_NAME)";
				STRING_CATALOG_GENERATE_SYMBOLS = YES;
				SWIFT_APPROACHABLE_CONCURRENCY = YES;
				SWIFT_DEFAULT_ACTOR_ISOLATION = MainActor;
				SWIFT_EMIT_LOC_STRINGS = YES;
				SWIFT_UPCOMING_FEATURE_MEMBER_IMPORT_VISIBILITY = YES;
				SWIFT_VERSION = 5.0;
				TARGETED_DEVICE_FAMILY = "1,2";
			};
			name = Debug;
		};
		507E298D2F07EE5200BD8FBB /* Release */ = {
			isa = XCBuildConfiguration;
			buildSettings = {
				ASSETCATALOG_COMPILER_APPICON_NAME = AppIcon;
				ASSETCATALOG_COMPILER_GLOBAL_ACCENT_COLOR_NAME = AccentColor;
				CODE_SIGN_STYLE = Automatic;
				CURRENT_PROJECT_VERSION = 1;
				DEVELOPMENT_TEAM = 62AMA97M94;
				ENABLE_PREVIEWS = YES;
				GENERATE_INFOPLIST_FILE = YES;
				INFOPLIST_KEY_UIApplicationSceneManifest_Generation = YES;
				INFOPLIST_KEY_UIApplicationSupportsIndirectInputEvents = YES;
				INFOPLIST_KEY_UILaunchScreen_Generation = YES;
				INFOPLIST_KEY_UISupportedInterfaceOrientations_iPad = "UIInterfaceOrientationPortrait UIInterfaceOrientationPortraitUpsideDown UIInterfaceOrientationLandscapeLeft UIInterfaceOrientationLandscapeRight";
				INFOPLIST_KEY_UISupportedInterfaceOrientations_iPhone = "UIInterfaceOrientationPortrait UIInterfaceOrientationLandscapeLeft UIInterfaceOrientationLandscapeRight";
				LD_RUNPATH_SEARCH_PATHS = (
					"$(inherited)",
					"@executable_path/Frameworks",
				);
				MARKETING_VERSION = 1.0;
				PRODUCT_BUNDLE_IDENTIFIER = "Mxc.--7--Genesis-2-RPG";
				PRODUCT_NAME = "$(TARGET_NAME)";
				STRING_CATALOG_GENERATE_SYMBOLS = YES;
				SWIFT_APPROACHABLE_CONCURRENCY = YES;
				SWIFT_DEFAULT_ACTOR_ISOLATION = MainActor;
				SWIFT_EMIT_LOC_STRINGS = YES;
				SWIFT_UPCOMING_FEATURE_MEMBER_IMPORT_VISIBILITY = YES;
				SWIFT_VERSION = 5.0;
				TARGETED_DEVICE_FAMILY = "1,2";
			};
			name = Release;
		};
/* End XCBuildConfiguration section */

/* Begin XCConfigurationList section */
		507E297B2F07EE5100BD8FBB /* Build configuration list for PBXProject "1.7. Genesis 2 RPG" */ = {
			isa = XCConfigurationList;
			buildConfigurations = (
				507E29892F07EE5200BD8FBB /* Debug */,
				507E298A2F07EE5200BD8FBB /* Release */,
			);
			defaultConfigurationIsVisible = 0;
			defaultConfigurationName = Release;
		};
		507E298B2F07EE5200BD8FBB /* Build configuration list for PBXNativeTarget "1.7. Genesis 2 RPG" */ = {
			isa = XCConfigurationList;
			buildConfigurations = (
				507E298C2F07EE5200BD8FBB /* Debug */,
				507E298D2F07EE5200BD8FBB /* Release */,
			);
			defaultConfigurationIsVisible = 0;
			defaultConfigurationName = Release;
		};
/* End XCConfigurationList section */
	};
	rootObject = 507E29782F07EE5100BD8FBB /* Project object */;
}
